{
    "_readme": [
        "This file locks the dependencies of your project to a known state",
        "Read more about it at http://getcomposer.org/doc/01-basic-usage.md#composer-lock-the-lock-file",
        "This file is @generated automatically"
    ],
    "hash": "2c8a36ab8cc299a8a5492ab6653c8b14",
    "packages": [
        {
            "name": "aws/aws-sdk-php",
            "version": "2.5.2",
            "source": {
                "type": "git",
                "url": "https://github.com/aws/aws-sdk-php.git",
                "reference": "f720d799ea385f86ef33966908a1217dda5e49ce"
            },
            "dist": {
                "type": "zip",
                "url": "https://api.github.com/repos/aws/aws-sdk-php/zipball/f720d799ea385f86ef33966908a1217dda5e49ce",
                "reference": "f720d799ea385f86ef33966908a1217dda5e49ce",
                "shasum": ""
            },
            "require": {
                "guzzle/guzzle": ">=3.7.0,<3.9.0",
                "php": ">=5.3.3"
            },
            "require-dev": {
                "doctrine/cache": "~1.0",
                "ext-openssl": "*",
                "monolog/monolog": "1.4.*",
                "phpunit/phpunit": "3.7.*",
                "symfony/class-loader": "2.*",
                "symfony/yaml": "2.*"
            },
            "suggest": {
                "doctrine/cache": "Adds support for caching of credentials and responses",
                "ext-apc": "Allows service description opcode caching, request and response caching, and credentials caching",
                "ext-openssl": "Allows working with CloudFront private distributions and verifying received SNS messages",
                "monolog/monolog": "Adds support for logging HTTP requests and responses",
                "symfony/yaml": "Eases the ability to write manifests for creating jobs in AWS Import/Export"
            },
            "type": "library",
            "extra": {
                "branch-alias": {
                    "dev-master": "2.5.x-dev"
                }
            },
            "autoload": {
                "psr-0": {
                    "Aws": "src/"
                }
            },
            "notification-url": "https://packagist.org/downloads/",
            "license": [
                "Apache-2.0"
            ],
            "authors": [
                {
                    "name": "Amazon Web Services",
                    "homepage": "http://aws.amazon.com"
                }
            ],
            "description": "AWS SDK for PHP - Use Amazon Web Services in your PHP project",
            "homepage": "http://aws.amazon.com/sdkforphp",
            "keywords": [
                "amazon",
                "aws",
                "cloud",
                "dynamodb",
                "ec2",
                "glacier",
                "s3",
                "sdk"
            ],
            "time": "2014-01-30 00:45:15"
        },
        {
            "name": "browscap/browscap-php",
            "version": "dev-master",
            "source": {
                "type": "git",
                "url": "https://github.com/browscap/browscap-php.git",
                "reference": "1d64d648e034495abb63a0d79e5b4ca57c0bb999"
            },
            "dist": {
                "type": "zip",
                "url": "https://api.github.com/repos/browscap/browscap-php/zipball/1d64d648e034495abb63a0d79e5b4ca57c0bb999",
                "reference": "1d64d648e034495abb63a0d79e5b4ca57c0bb999",
                "shasum": ""
            },
            "require": {
                "php": ">=5.3.0"
            },
            "require-dev": {
                "phpunit/phpunit": "*"
            },
            "type": "library",
            "extra": {
                "branch-alias": {
                    "dev-master": "1.0.x-dev"
                }
            },
            "autoload": {
                "psr-0": {
                    "phpbrowscap": "src/",
                    "phpbrowscapTest": "tests/"
                }
            },
            "notification-url": "https://packagist.org/downloads/",
            "license": [
                "MIT"
            ],
            "authors": [
                {
                    "name": "Jonathan Stoppani",
                    "email": "jonathan.stoppani@gmail.com"
                }
            ],
            "description": "Standalone replacement for php's native get_browser() function",
            "homepage": "https://github.com/browscap/browscap-php",
            "keywords": [
                "browser",
                "capabilities",
                "get_browser",
                "user agent"
            ],
            "time": "2014-05-17 05:42:09"
        },
        {
            "name": "cakedc/migrations",
            "version": "2.2.3",
            "source": {
                "type": "git",
                "url": "https://github.com/CakeDC/migrations.git",
                "reference": "94036a606089c7e14b349eba043b0f58a0947e29"
            },
            "dist": {
                "type": "zip",
                "url": "https://api.github.com/repos/CakeDC/migrations/zipball/94036a606089c7e14b349eba043b0f58a0947e29",
                "reference": "94036a606089c7e14b349eba043b0f58a0947e29",
                "shasum": ""
            },
            "require": {
                "composer/installers": "*"
            },
            "type": "cakephp-plugin",
            "notification-url": "https://packagist.org/downloads/",
            "license": [
                "MIT"
            ],
            "authors": [
                {
                    "name": "Cake Development Corporation",
                    "email": "team@cakedc.com",
                    "homepage": "http://cakedc.com"
                }
            ],
            "description": "Migrations Plugin for CakePHP",
            "homepage": "http://cakedc.com",
            "keywords": [
                "cakephp",
                "migrations"
            ],
            "time": "2013-10-21 10:45:27"
        },
        {
            "name": "cakedc/search",
            "version": "2.3.0",
            "source": {
                "type": "git",
                "url": "https://github.com/CakeDC/search.git",
                "reference": "31b86c1c9fd38a15c5cfb93b02081838da331f3e"
            },
            "dist": {
                "type": "zip",
                "url": "https://api.github.com/repos/CakeDC/search/zipball/31b86c1c9fd38a15c5cfb93b02081838da331f3e",
                "reference": "31b86c1c9fd38a15c5cfb93b02081838da331f3e",
                "shasum": ""
            },
            "require": {
                "composer/installers": "*",
                "php": ">=5.3.0"
            },
            "type": "cakephp-plugin",
            "extra": {
                "installer-name": "Search"
            },
            "notification-url": "https://packagist.org/downloads/",
            "license": [
                "MIT"
            ],
            "authors": [
                {
                    "name": "Cake Development Corporation",
                    "email": "team@cakedc.com",
                    "homepage": "http://cakedc.com"
                }
            ],
            "description": "Search Plugin for CakePHP",
            "homepage": "http://github.com/CakeDC/search",
            "keywords": [
                "cakephp",
                "filter",
                "post-redirect-get",
                "prg",
                "search"
            ],
            "time": "2014-05-23 16:34:48"
        },
        {
            "name": "cakedc/utils",
            "version": "1.4.2",
            "source": {
                "type": "git",
                "url": "https://github.com/CakeDC/utils.git",
                "reference": "d68c2f348bdb12496786ff02841afa1ebd5adb30"
            },
            "dist": {
                "type": "zip",
                "url": "https://api.github.com/repos/CakeDC/utils/zipball/d68c2f348bdb12496786ff02841afa1ebd5adb30",
                "reference": "d68c2f348bdb12496786ff02841afa1ebd5adb30",
                "shasum": ""
            },
            "require": {
                "composer/installers": "*"
            },
            "type": "cakephp-plugin",
            "notification-url": "https://packagist.org/downloads/",
            "license": [
                "MIT"
            ],
            "authors": [
                {
                    "name": "Cake Development Corporation",
                    "email": "team@cakedc.com",
                    "homepage": "http://cakedc.com"
                }
            ],
            "description": "Utils Plugin for CakePHP",
            "homepage": "http://cakedc.com",
            "keywords": [
                "cakephp",
                "utility"
            ],
            "time": "2013-11-12 10:13:31"
        },
        {
            "name": "cakephp/debug_kit",
            "version": "2.2.2",
            "source": {
                "type": "git",
                "url": "https://github.com/cakephp/debug_kit.git",
                "reference": "0dd9f6cf6250817052b6a7cf2cc0d2d8d7e26e90"
            },
            "dist": {
                "type": "zip",
                "url": "https://api.github.com/repos/cakephp/debug_kit/zipball/0dd9f6cf6250817052b6a7cf2cc0d2d8d7e26e90",
                "reference": "0dd9f6cf6250817052b6a7cf2cc0d2d8d7e26e90",
                "shasum": ""
            },
            "require": {
                "composer/installers": "*",
                "php": ">=5.3.0"
            },
            "type": "cakephp-plugin",
            "extra": {
                "branch-alias": {
                    "dev-master": "2.2.x-dev"
                },
                "installer-name": "DebugKit"
            },
            "notification-url": "https://packagist.org/downloads/",
            "license": [
                "MIT"
            ],
            "authors": [
                {
                    "name": "Mark Story",
                    "homepage": "http://mark-story.com",
                    "role": "Author"
                },
                {
                    "name": "CakePHP Community",
                    "homepage": "https://github.com/cakephp/debug_kit/graphs/contributors"
                }
            ],
            "description": "CakePHP Debug Kit",
            "homepage": "https://github.com/cakephp/debug_kit",
            "keywords": [
                "cakephp",
                "debug",
                "kit"
            ],
            "time": "2013-11-07 18:15:29"
        },
        {
            "name": "composer/installers",
            "version": "v1.0.9",
            "source": {
                "type": "git",
                "url": "https://github.com/composer/installers.git",
                "reference": "8e3e734c50b8f60228baf439d5ab16c57d67f6ce"
            },
            "dist": {
                "type": "zip",
                "url": "https://api.github.com/repos/composer/installers/zipball/8e3e734c50b8f60228baf439d5ab16c57d67f6ce",
                "reference": "8e3e734c50b8f60228baf439d5ab16c57d67f6ce",
                "shasum": ""
            },
            "replace": {
                "shama/baton": "*"
            },
            "require-dev": {
                "composer/composer": "1.0.*@dev",
                "phpunit/phpunit": "3.7.*"
            },
            "type": "composer-installer",
            "extra": {
                "class": "Composer\\Installers\\Installer",
                "branch-alias": {
                    "dev-master": "1.0-dev"
                }
            },
            "autoload": {
                "psr-0": {
                    "Composer\\Installers\\": "src/"
                }
            },
            "notification-url": "https://packagist.org/downloads/",
            "license": [
                "MIT"
            ],
            "authors": [
                {
                    "name": "Kyle Robinson Young",
                    "email": "kyle@dontkry.com",
                    "homepage": "https://github.com/shama",
                    "role": "Developer"
                }
            ],
            "description": "A multi-framework Composer library installer",
            "homepage": "http://composer.github.com/installers/",
            "keywords": [
                "Hurad",
                "MODX Evo",
                "OXID",
                "agl",
                "annotatecms",
                "cakephp",
                "codeigniter",
                "concrete5",
                "croogo",
                "drupal",
                "elgg",
                "fuelphp",
                "installer",
                "joomla",
                "kohana",
                "laravel",
                "lithium",
                "magento",
                "mako",
                "mediawiki",
                "modulework",
                "phpbb",
                "piwik",
                "ppi",
                "shopware",
                "silverstripe",
                "symfony",
                "typo3",
                "wordpress",
                "zend",
                "zikula"
            ],
            "time": "2014-01-27 03:45:57"
        },
        {
            "name": "dz0ny/jade.php",
            "version": "dev-master",
            "source": {
                "type": "git",
                "url": "https://github.com/dz0ny/jade.php",
                "reference": "9b0d00ae413e08e731bc4dc226a697f78ca5e605"
            },
            "dist": {
                "type": "zip",
                "url": "https://github.com/dz0ny/jade.php/zipball/9b0d00ae413e08e731bc4dc226a697f78ca5e605",
                "reference": "9b0d00ae413e08e731bc4dc226a697f78ca5e605",
                "shasum": ""
            },
            "require": {
                "php": ">=5.3.0"
            },
            "type": "library",
            "extra": {
                "branch-alias": []
            },
            "autoload": {
                "psr-0": {
                    "Jade": "src/"
                }
            },
            "notification-url": "https://packagist.org/downloads/",
            "license": [
                "MIT"
            ],
            "authors": [
                {
                    "name": "Konstantin Kudryasho",
                    "email": "konstantin.kudryashov@knplabs.com",
                    "homepage": "http://about.me/everzet",
                    "role": "Developer"
                },
                {
                    "name": "Janez Troha",
                    "email": "janez.troha@gmail.com",
                    "homepage": "http://flavors.me/dz0ny",
                    "role": "Maintainer"
                }
            ],
            "description": "HAML-like template engine for PHP 5.3",
            "homepage": "https://github.com/dz0ny/jade.php",
            "keywords": [
                "jade",
                "minification",
                "template"
            ],
            "time": "2012-06-28 13:00:27"
        },
        {
            "name": "fabpot/goutte",
            "version": "v2.0.2",
            "source": {
                "type": "git",
                "url": "https://github.com/fabpot/Goutte.git",
                "reference": "b12c3f7ec68d8814b50444cfe142fd0a056557f9"
            },
            "dist": {
                "type": "zip",
                "url": "https://api.github.com/repos/fabpot/Goutte/zipball/b12c3f7ec68d8814b50444cfe142fd0a056557f9",
                "reference": "b12c3f7ec68d8814b50444cfe142fd0a056557f9",
                "shasum": ""
            },
            "require": {
                "guzzlehttp/guzzle": "4.*",
                "php": ">=5.4.0",
                "symfony/browser-kit": "~2.1",
                "symfony/css-selector": "~2.1",
                "symfony/dom-crawler": "~2.1"
            },
            "type": "application",
            "extra": {
                "branch-alias": {
                    "dev-master": "2.0-dev"
                }
            },
            "autoload": {
                "psr-0": {
                    "Goutte": "."
                }
            },
            "notification-url": "https://packagist.org/downloads/",
            "license": [
                "MIT"
            ],
            "authors": [
                {
                    "name": "Fabien Potencier",
                    "email": "fabien@symfony.com"
                }
            ],
            "description": "A simple PHP Web Scraper",
            "homepage": "https://github.com/fabpot/Goutte",
            "keywords": [
                "scraper"
            ],
            "time": "2014-07-22 13:24:11"
        },
        {
            "name": "facebook/php-sdk",
            "version": "v3.2.3",
            "source": {
                "type": "git",
                "url": "https://github.com/facebook/facebook-php-sdk.git",
                "reference": "6714042fa2f5979d4c64c7d11fb4bcab16bdf6cb"
            },
            "dist": {
                "type": "zip",
                "url": "https://api.github.com/repos/facebook/facebook-php-sdk/zipball/6714042fa2f5979d4c64c7d11fb4bcab16bdf6cb",
                "reference": "6714042fa2f5979d4c64c7d11fb4bcab16bdf6cb",
                "shasum": ""
            },
            "require": {
                "ext-curl": "*",
                "ext-json": "*",
                "php": ">=5.2.0"
            },
            "require-dev": {
                "phpunit/phpunit": "3.7.*"
            },
            "type": "library",
            "autoload": {
                "classmap": [
                    "src"
                ]
            },
            "notification-url": "https://packagist.org/downloads/",
            "license": [
                "Apache2"
            ],
            "authors": [
                {
                    "name": "Facebook",
                    "homepage": "https://github.com/facebook/facebook-php-sdk/contributors"
                }
            ],
            "description": "Facebook PHP SDK",
            "homepage": "https://github.com/facebook/facebook-php-sdk",
            "keywords": [
                "facebook",
                "sdk"
            ],
            "time": "2013-11-19 23:11:14"
        },
        {
            "name": "guzzle/guzzle",
            "version": "v3.8.1",
            "source": {
                "type": "git",
                "url": "https://github.com/guzzle/guzzle.git",
                "reference": "4de0618a01b34aa1c8c33a3f13f396dcd3882eba"
            },
            "dist": {
                "type": "zip",
                "url": "https://api.github.com/repos/guzzle/guzzle/zipball/4de0618a01b34aa1c8c33a3f13f396dcd3882eba",
                "reference": "4de0618a01b34aa1c8c33a3f13f396dcd3882eba",
                "shasum": ""
            },
            "require": {
                "ext-curl": "*",
                "php": ">=5.3.3",
                "symfony/event-dispatcher": ">=2.1"
            },
            "replace": {
                "guzzle/batch": "self.version",
                "guzzle/cache": "self.version",
                "guzzle/common": "self.version",
                "guzzle/http": "self.version",
                "guzzle/inflection": "self.version",
                "guzzle/iterator": "self.version",
                "guzzle/log": "self.version",
                "guzzle/parser": "self.version",
                "guzzle/plugin": "self.version",
                "guzzle/plugin-async": "self.version",
                "guzzle/plugin-backoff": "self.version",
                "guzzle/plugin-cache": "self.version",
                "guzzle/plugin-cookie": "self.version",
                "guzzle/plugin-curlauth": "self.version",
                "guzzle/plugin-error-response": "self.version",
                "guzzle/plugin-history": "self.version",
                "guzzle/plugin-log": "self.version",
                "guzzle/plugin-md5": "self.version",
                "guzzle/plugin-mock": "self.version",
                "guzzle/plugin-oauth": "self.version",
                "guzzle/service": "self.version",
                "guzzle/stream": "self.version"
            },
            "require-dev": {
                "doctrine/cache": "*",
                "monolog/monolog": "1.*",
                "phpunit/phpunit": "3.7.*",
                "psr/log": "1.0.*",
                "symfony/class-loader": "*",
                "zendframework/zend-cache": "<2.3",
                "zendframework/zend-log": "<2.3"
            },
            "type": "library",
            "extra": {
                "branch-alias": {
                    "dev-master": "3.8-dev"
                }
            },
            "autoload": {
                "psr-0": {
                    "Guzzle": "src/",
                    "Guzzle\\Tests": "tests/"
                }
            },
            "notification-url": "https://packagist.org/downloads/",
            "license": [
                "MIT"
            ],
            "authors": [
                {
                    "name": "Michael Dowling",
                    "email": "mtdowling@gmail.com",
                    "homepage": "https://github.com/mtdowling"
                },
                {
                    "name": "Guzzle Community",
                    "homepage": "https://github.com/guzzle/guzzle/contributors"
                }
            ],
            "description": "Guzzle is a PHP HTTP client library and framework for building RESTful web service clients",
            "homepage": "http://guzzlephp.org/",
            "keywords": [
                "client",
                "curl",
                "framework",
                "http",
                "http client",
                "rest",
                "web service"
            ],
            "time": "2014-01-28 22:29:15"
        },
        {
            "name": "guzzlehttp/guzzle",
            "version": "4.2.3",
            "source": {
                "type": "git",
                "url": "https://github.com/guzzle/guzzle.git",
                "reference": "66fd916e9f9130bc22c51450476823391cb2f67c"
            },
            "dist": {
                "type": "zip",
                "url": "https://api.github.com/repos/guzzle/guzzle/zipball/66fd916e9f9130bc22c51450476823391cb2f67c",
                "reference": "66fd916e9f9130bc22c51450476823391cb2f67c",
                "shasum": ""
            },
            "require": {
                "ext-json": "*",
                "guzzlehttp/streams": "~2.1",
                "php": ">=5.4.0"
            },
            "require-dev": {
                "ext-curl": "*",
                "phpunit/phpunit": "~4.0",
                "psr/log": "~1.0"
            },
            "suggest": {
                "ext-curl": "Guzzle will use specific adapters if cURL is present"
            },
            "type": "library",
            "extra": {
                "branch-alias": {
                    "dev-master": "4.2-dev"
                }
            },
            "autoload": {
                "psr-4": {
                    "GuzzleHttp\\": "src/"
                },
                "files": [
                    "src/functions.php"
                ]
            },
            "notification-url": "https://packagist.org/downloads/",
            "license": [
                "MIT"
            ],
            "authors": [
                {
                    "name": "Michael Dowling",
                    "email": "mtdowling@gmail.com",
                    "homepage": "https://github.com/mtdowling"
                }
            ],
            "description": "Guzzle is a PHP HTTP client library and framework for building RESTful web service clients",
            "homepage": "http://guzzlephp.org/",
            "keywords": [
                "client",
                "curl",
                "framework",
                "http",
                "http client",
                "rest",
                "web service"
            ],
            "time": "2014-10-05 19:29:14"
        },
        {
            "name": "guzzlehttp/streams",
            "version": "2.1.0",
            "source": {
                "type": "git",
                "url": "https://github.com/guzzle/streams.git",
                "reference": "f91b721d73f0e561410903b3b3c90a5d0e40b534"
            },
            "dist": {
                "type": "zip",
                "url": "https://api.github.com/repos/guzzle/streams/zipball/f91b721d73f0e561410903b3b3c90a5d0e40b534",
                "reference": "f91b721d73f0e561410903b3b3c90a5d0e40b534",
                "shasum": ""
            },
            "require": {
                "php": ">=5.4.0"
            },
            "require-dev": {
                "phpunit/phpunit": "~4.0"
            },
            "type": "library",
            "extra": {
                "branch-alias": {
                    "dev-master": "2.0-dev"
                }
            },
            "autoload": {
                "psr-4": {
                    "GuzzleHttp\\Stream\\": "src/"
                },
                "files": [
                    "src/functions.php"
                ]
            },
            "notification-url": "https://packagist.org/downloads/",
            "license": [
                "MIT"
            ],
            "authors": [
                {
                    "name": "Michael Dowling",
                    "email": "mtdowling@gmail.com",
                    "homepage": "https://github.com/mtdowling"
                }
            ],
            "description": "Provides a simple abstraction over streams of data (Guzzle 4+)",
            "homepage": "http://guzzlephp.org/",
            "keywords": [
                "Guzzle",
                "stream"
            ],
            "time": "2014-08-17 21:15:53"
        },
        {
            "name": "imagine/imagine",
            "version": "v0.6.1",
            "source": {
                "type": "git",
                "url": "https://github.com/avalanche123/Imagine.git",
                "reference": "725279fd560faa1c7012a80b427b31d7f08f36ff"
            },
            "dist": {
                "type": "zip",
                "url": "https://api.github.com/repos/avalanche123/Imagine/zipball/725279fd560faa1c7012a80b427b31d7f08f36ff",
                "reference": "725279fd560faa1c7012a80b427b31d7f08f36ff",
                "shasum": ""
            },
            "require": {
                "php": ">=5.3.2"
            },
            "require-dev": {
                "sami/sami": "dev-master"
            },
            "suggest": {
                "ext-gd": "to use the GD implementation",
                "ext-gmagick": "to use the Gmagick implementation",
                "ext-imagick": "to use the Imagick implementation"
            },
            "type": "library",
            "extra": {
                "branch-alias": {
                    "dev-develop": "0.6-dev"
                }
            },
            "autoload": {
                "psr-0": {
                    "Imagine": "lib/"
                }
            },
            "notification-url": "https://packagist.org/downloads/",
            "license": [
                "MIT"
            ],
            "authors": [
                {
                    "name": "Bulat Shakirzyanov",
                    "email": "mallluhuct@gmail.com",
                    "homepage": "http://avalanche123.com"
                }
            ],
            "description": "Image processing for PHP 5.3",
            "homepage": "http://imagine.readthedocs.org/",
            "keywords": [
                "drawing",
                "graphics",
                "image manipulation",
                "image processing"
            ],
            "time": "2014-06-16 20:53:48"
        },
        {
            "name": "jublonet/codebird-php",
            "version": "dev-master",
            "source": {
                "type": "git",
                "url": "https://github.com/jublonet/codebird-php.git",
                "reference": "8ea20cf7c42701e372c9d1badfcee4505b798d03"
            },
            "dist": {
                "type": "zip",
                "url": "https://api.github.com/repos/jublonet/codebird-php/zipball/8ea20cf7c42701e372c9d1badfcee4505b798d03",
                "reference": "8ea20cf7c42701e372c9d1badfcee4505b798d03",
                "shasum": ""
            },
            "type": "library",
            "autoload": {
                "classmap": [
                    "src/"
                ]
            },
            "notification-url": "https://packagist.org/downloads/",
            "license": [
                "GPL-3.0"
            ],
            "description": "A Twitter library in PHP.",
            "time": "2014-01-20 14:31:17"
        },
        {
            "name": "michelf/php-markdown",
            "version": "1.4.1",
            "source": {
                "type": "git",
                "url": "https://github.com/michelf/php-markdown.git",
                "reference": "de9a19c7bf352d41cc99ed86c3c0ef17e87394b6"
            },
            "dist": {
                "type": "zip",
                "url": "https://api.github.com/repos/michelf/php-markdown/zipball/de9a19c7bf352d41cc99ed86c3c0ef17e87394b6",
                "reference": "de9a19c7bf352d41cc99ed86c3c0ef17e87394b6",
                "shasum": ""
            },
            "require": {
                "php": ">=5.3.0"
            },
            "type": "library",
            "extra": {
                "branch-alias": {
                    "dev-lib": "1.4.x-dev"
                }
            },
            "autoload": {
                "psr-0": {
                    "Michelf": ""
                }
            },
            "notification-url": "https://packagist.org/downloads/",
            "license": [
                "BSD-3-Clause"
            ],
            "authors": [
                {
                    "name": "Michel Fortin",
                    "email": "michel.fortin@michelf.ca",
                    "homepage": "http://michelf.ca/",
                    "role": "Developer"
                },
                {
                    "name": "John Gruber",
                    "homepage": "http://daringfireball.net/"
                }
            ],
            "description": "PHP Markdown",
            "homepage": "http://michelf.ca/projects/php-markdown/",
            "keywords": [
                "markdown"
            ],
            "time": "2014-05-05 02:43:50"
        },
        {
            "name": "mobiledetect/mobiledetectlib",
            "version": "dev-master",
            "source": {
                "type": "git",
                "url": "https://github.com/serbanghita/Mobile-Detect.git",
                "reference": "3e39e197309db5f33361329d4f951937eb4ac596"
            },
            "dist": {
                "type": "zip",
                "url": "https://api.github.com/repos/serbanghita/Mobile-Detect/zipball/3e39e197309db5f33361329d4f951937eb4ac596",
                "reference": "3e39e197309db5f33361329d4f951937eb4ac596",
                "shasum": ""
            },
            "require": {
                "php": ">=5.0.0"
            },
            "require-dev": {
                "phpunit/phpunit": "*"
            },
            "type": "library",
            "autoload": {
                "classmap": [
                    "Mobile_Detect.php"
                ],
                "psr-0": {
                    "Detection": "namespaced/"
                }
            },
            "notification-url": "https://packagist.org/downloads/",
            "license": [
                "MIT"
            ],
            "authors": [
                {
                    "name": "Serban Ghita",
                    "email": "serbanghita@gmail.com",
                    "homepage": "http://mobiledetect.net",
                    "role": "Developer"
                }
            ],
            "description": "Mobile_Detect is a lightweight PHP class for detecting mobile devices. It uses the User-Agent string combined with specific HTTP headers to detect the mobile environment.",
            "homepage": "https://github.com/serbanghita/Mobile-Detect",
            "keywords": [
                "detect mobile devices",
                "mobile",
                "mobile detect",
                "mobile detector",
                "php mobile detect"
            ],
            "time": "2014-05-27 11:19:54"
        },
        {
            "name": "pear-pear.cakephp.org/CakePHP",
            "version": "2.4.5",
            "dist": {
                "type": "file",
                "url": "http://pear.cakephp.org/get/CakePHP-2.4.5.tgz",
                "reference": null,
                "shasum": null
            },
            "require": {
                "php": ">=5.2.8.0"
            },
            "replace": {
                "pear-cakephp/cakephp": "== 2.4.5.0"
            },
            "type": "pear-library",
            "autoload": {
                "classmap": [
                    ""
                ]
            },
            "include-path": [
                "/"
            ],
            "description": "CakePHP is an application development framework for PHP 5.2+"
        },
        {
            "name": "slywalker/boost_cake",
            "version": "1.0.5",
            "source": {
                "type": "git",
                "url": "https://github.com/slywalker/cakephp-plugin-boost_cake.git",
                "reference": "a5551800a0ce83a0b7ec0c9f0351f8f218be3771"
            },
            "dist": {
                "type": "zip",
                "url": "https://api.github.com/repos/slywalker/cakephp-plugin-boost_cake/zipball/a5551800a0ce83a0b7ec0c9f0351f8f218be3771",
                "reference": "a5551800a0ce83a0b7ec0c9f0351f8f218be3771",
                "shasum": ""
            },
            "require": {
                "composer/installers": "*",
                "php": ">=5.3.0"
            },
            "suggest": {
                "twitter/bootstrap": "Bootstrap for Twitter"
            },
            "type": "cakephp-plugin",
            "notification-url": "https://packagist.org/downloads/",
            "license": [
                "MIT"
            ],
            "authors": [
                {
                    "name": "Yasuo Harada",
                    "email": "slywalker.net@gmail.com",
                    "homepage": "https://github.com/slywalker"
                }
            ],
            "description": "BoostCake is a plugin for CakePHP using Bootstrap",
            "homepage": "http://slywalker.github.io/cakephp-plugin-boost_cake/",
            "keywords": [
                "bootstrap",
                "cakephp",
                "twitter"
            ],
            "time": "2014-01-09 03:56:57"
        },
        {
            "name": "symfony/browser-kit",
            "version": "v2.5.5",
            "target-dir": "Symfony/Component/BrowserKit",
            "source": {
                "type": "git",
                "url": "https://github.com/symfony/BrowserKit.git",
                "reference": "0cb9e603b1850c9495bfb96b3c4caf7ea17700d4"
            },
            "dist": {
                "type": "zip",
                "url": "https://api.github.com/repos/symfony/BrowserKit/zipball/0cb9e603b1850c9495bfb96b3c4caf7ea17700d4",
                "reference": "0cb9e603b1850c9495bfb96b3c4caf7ea17700d4",
                "shasum": ""
            },
            "require": {
                "php": ">=5.3.3",
                "symfony/dom-crawler": "~2.0"
            },
            "require-dev": {
                "symfony/css-selector": "~2.0",
                "symfony/process": "~2.0"
            },
            "suggest": {
                "symfony/process": ""
            },
            "type": "library",
            "extra": {
                "branch-alias": {
                    "dev-master": "2.5-dev"
                }
            },
            "autoload": {
                "psr-0": {
                    "Symfony\\Component\\BrowserKit\\": ""
                }
            },
            "notification-url": "https://packagist.org/downloads/",
            "license": [
                "MIT"
            ],
            "authors": [
                {
                    "name": "Symfony Community",
                    "homepage": "http://symfony.com/contributors"
                },
                {
                    "name": "Fabien Potencier",
                    "email": "fabien@symfony.com"
                }
            ],
            "description": "Symfony BrowserKit Component",
            "homepage": "http://symfony.com",
            "time": "2014-09-22 09:14:18"
        },
        {
            "name": "symfony/css-selector",
            "version": "v2.5.5",
            "target-dir": "Symfony/Component/CssSelector",
            "source": {
                "type": "git",
                "url": "https://github.com/symfony/CssSelector.git",
                "reference": "caf5ecc3face1f22884fb74b8edab65ac5ba9976"
            },
            "dist": {
                "type": "zip",
                "url": "https://api.github.com/repos/symfony/CssSelector/zipball/caf5ecc3face1f22884fb74b8edab65ac5ba9976",
                "reference": "caf5ecc3face1f22884fb74b8edab65ac5ba9976",
                "shasum": ""
            },
            "require": {
                "php": ">=5.3.3"
            },
            "type": "library",
            "extra": {
                "branch-alias": {
                    "dev-master": "2.5-dev"
                }
            },
            "autoload": {
                "psr-0": {
                    "Symfony\\Component\\CssSelector\\": ""
                }
            },
            "notification-url": "https://packagist.org/downloads/",
            "license": [
                "MIT"
            ],
            "authors": [
                {
                    "name": "Symfony Community",
                    "homepage": "http://symfony.com/contributors"
                },
                {
                    "name": "Jean-François Simon",
                    "email": "jeanfrancois.simon@sensiolabs.com"
                },
                {
                    "name": "Fabien Potencier",
                    "email": "fabien@symfony.com"
                }
            ],
            "description": "Symfony CssSelector Component",
            "homepage": "http://symfony.com",
            "time": "2014-09-22 09:14:18"
        },
        {
            "name": "symfony/dom-crawler",
            "version": "v2.5.5",
            "target-dir": "Symfony/Component/DomCrawler",
            "source": {
                "type": "git",
                "url": "https://github.com/symfony/DomCrawler.git",
                "reference": "a2804ec76442a9d0a3bb25f99a7830ba24743e07"
            },
            "dist": {
                "type": "zip",
                "url": "https://api.github.com/repos/symfony/DomCrawler/zipball/a2804ec76442a9d0a3bb25f99a7830ba24743e07",
                "reference": "a2804ec76442a9d0a3bb25f99a7830ba24743e07",
                "shasum": ""
            },
            "require": {
                "php": ">=5.3.3"
            },
            "require-dev": {
                "symfony/css-selector": "~2.0"
            },
            "suggest": {
                "symfony/css-selector": ""
            },
            "type": "library",
            "extra": {
                "branch-alias": {
                    "dev-master": "2.5-dev"
                }
            },
            "autoload": {
                "psr-0": {
                    "Symfony\\Component\\DomCrawler\\": ""
                }
            },
            "notification-url": "https://packagist.org/downloads/",
            "license": [
                "MIT"
            ],
            "authors": [
                {
                    "name": "Symfony Community",
                    "homepage": "http://symfony.com/contributors"
                },
                {
                    "name": "Fabien Potencier",
                    "email": "fabien@symfony.com"
                }
            ],
            "description": "Symfony DomCrawler Component",
            "homepage": "http://symfony.com",
            "time": "2014-09-22 09:14:18"
        },
        {
            "name": "symfony/event-dispatcher",
            "version": "v2.4.2",
            "target-dir": "Symfony/Component/EventDispatcher",
            "source": {
                "type": "git",
                "url": "https://github.com/symfony/EventDispatcher.git",
                "reference": "4708b8cd41984a5ba29fe7dd40716f7f761ac501"
            },
            "dist": {
                "type": "zip",
                "url": "https://api.github.com/repos/symfony/EventDispatcher/zipball/4708b8cd41984a5ba29fe7dd40716f7f761ac501",
                "reference": "4708b8cd41984a5ba29fe7dd40716f7f761ac501",
                "shasum": ""
            },
            "require": {
                "php": ">=5.3.3"
            },
            "require-dev": {
                "symfony/dependency-injection": "~2.0"
            },
            "suggest": {
                "symfony/dependency-injection": "",
                "symfony/http-kernel": ""
            },
            "type": "library",
            "extra": {
                "branch-alias": {
                    "dev-master": "2.4-dev"
                }
            },
            "autoload": {
                "psr-0": {
                    "Symfony\\Component\\EventDispatcher\\": ""
                }
            },
            "notification-url": "https://packagist.org/downloads/",
            "license": [
                "MIT"
            ],
            "authors": [
                {
                    "name": "Fabien Potencier",
                    "email": "fabien@symfony.com",
                    "homepage": "http://fabien.potencier.org",
                    "role": "Lead Developer"
                },
                {
                    "name": "Symfony Community",
                    "homepage": "http://symfony.com/contributors"
                }
            ],
            "description": "Symfony EventDispatcher Component",
            "homepage": "http://symfony.com",
            "time": "2014-02-11 13:52:09"
        }
    ],
    "packages-dev": [],
    "aliases": [],
    "minimum-stability": "stable",
    "stability-flags": {
        "dz0ny/jade.php": 20,
        "jublonet/codebird-php": 20,
        "mobiledetect/mobiledetectlib": 20,
        "browscap/browscap-php": 20
    },
    "prefer-stable": false,
    "platform": [],
    "platform-dev": []
}
